PODS:
  - RxCocoa (5.0.1):
    - RxRelay (~> 5)
    - RxSwift (~> 5)
  - RxOptional (4.1.0):
    - RxCocoa (~> 5)
    - RxSwift (~> 5)
  - RxRelay (5.0.1):
    - RxSwift (~> 5)
  - RxSwift (5.0.0)
  - RxViewController (1.0.0):
    - RxCocoa (~> 5.0)
    - RxSwift (~> 5.0)
  - SnapKit (5.0.1)
  - Then (2.6.0)

DEPENDENCIES:
  - RxCocoa
  - RxOptional
  - RxSwift
  - RxViewController
  - SnapKit
  - Then

SPEC REPOS:
  trunk:
    - RxCocoa
    - RxOptional
    - RxRelay
    - RxSwift
    - RxViewController
    - SnapKit
    - Then

SPEC CHECKSUMS:
  RxCocoa: e741b9749968e8a143e2b787f1dfbff2b63d0a5c
  RxOptional: b1fcd60856807a564c0215c2184b8d33e7826dc2
  RxRelay: 89d54507f4fd4d969e6ec1d4bd7f3673640b4640
  RxSwift: 8b0671caa829a763bbce7271095859121cbd895f
  RxViewController: 7330a46e5c31cd680db169da4c9fc8676e975a81
  SnapKit: 97b92857e3df3a0c71833cce143274bf6ef8e5eb
  Then: 90cd104fd951cec1980a03f57704ad8f784d4d79

PODFILE CHECKSUM: 7cb51eaee1a44078c519092e0491f4aa5631f203

COCOAPODS: 1.8.3
